
Microsoft Visual Studio Solution File, Format Version 12.00
# Visual Studio Version 16
VisualStudioVersion = 16.0.31105.61
MinimumVisualStudioVersion = 10.0.40219.1
Project("{9A19103F-16F7-4668-BE54-9A1E7A4F7556}") = "PublishApp", "PublishApp\PublishApp\PublishApp.csproj", "{AA4B8DE6-029D-49ED-BD36-5BA2B741DE01}"
EndProject
Project("{FAE04EC0-301F-11D3-BF4B-00C04F79EFBC}") = "PublishApp.Android", "PublishApp\PublishApp.Android\PublishApp.Android.csproj", "{237D4D72-2B9A-42E7-94B9-6CA1C62628C7}"
EndProject
Project("{FAE04EC0-301F-11D3-BF4B-00C04F79EFBC}") = "PublishApp.iOS", "PublishApp\PublishApp.iOS\PublishApp.iOS.csproj", "{2C48F78E-54DE-4AC7-9A0E-24BE0457F39C}"
EndProject
Global
	GlobalSection(SolutionConfigurationPlatforms) = preSolution
		Ad-Hoc|Any CPU = Ad-Hoc|Any CPU
		Ad-Hoc|iPhone = Ad-Hoc|iPhone
		Ad-Hoc|iPhoneSimulator = Ad-Hoc|iPhoneSimulator
		AppStore|Any CPU = AppStore|Any CPU
		AppStore|iPhone = AppStore|iPhone
		AppStore|iPhoneSimulator = AppStore|iPhoneSimulator
		Debug|Any CPU = Debug|Any CPU
		Debug|iPhone = Debug|iPhone
		Debug|iPhoneSimulator = Debug|iPhoneSimulator
		Release|Any CPU = Release|Any CPU
		Release|iPhone = Release|iPhone
		Release|iPhoneSimulator = Release|iPhoneSimulator
	EndGlobalSection
	GlobalSection(ProjectConfigurationPlatforms) = postSolution
		{AA4B8DE6-029D-49ED-BD36-5BA2B741DE01}.Ad-Hoc|Any CPU.ActiveCfg = Debug|Any CPU
		{AA4B8DE6-029D-49ED-BD36-5BA2B741DE01}.Ad-Hoc|Any CPU.Build.0 = Debug|Any CPU
		{AA4B8DE6-029D-49ED-BD36-5BA2B741DE01}.Ad-Hoc|iPhone.ActiveCfg = Debug|Any CPU
		{AA4B8DE6-029D-49ED-BD36-5BA2B741DE01}.Ad-Hoc|iPhone.Build.0 = Debug|Any CPU
		{AA4B8DE6-029D-49ED-BD36-5BA2B741DE01}.Ad-Hoc|iPhoneSimulator.ActiveCfg = Debug|Any CPU
		{AA4B8DE6-029D-49ED-BD36-5BA2B741DE01}.Ad-Hoc|iPhoneSimulator.Build.0 = Debug|Any CPU
		{AA4B8DE6-029D-49ED-BD36-5BA2B741DE01}.AppStore|Any CPU.ActiveCfg = Debug|Any CPU
		{AA4B8DE6-029D-49ED-BD36-5BA2B741DE01}.AppStore|Any CPU.Build.0 = Debug|Any CPU
		{AA4B8DE6-029D-49ED-BD36-5BA2B741DE01}.AppStore|iPhone.ActiveCfg = Debug|Any CPU
		{AA4B8DE6-029D-49ED-BD36-5BA2B741DE01}.AppStore|iPhone.Build.0 = Debug|Any CPU
		{AA4B8DE6-029D-49ED-BD36-5BA2B741DE01}.AppStore|iPhoneSimulator.ActiveCfg = Debug|Any CPU
		{AA4B8DE6-029D-49ED-BD36-5BA2B741DE01}.AppStore|iPhoneSimulator.Build.0 = Debug|Any CPU
		{AA4B8DE6-029D-49ED-BD36-5BA2B741DE01}.Debug|Any CPU.ActiveCfg = Debug|Any CPU
		{AA4B8DE6-029D-49ED-BD36-5BA2B741DE01}.Debug|Any CPU.Build.0 = Debug|Any CPU
		{AA4B8DE6-029D-49ED-BD36-5BA2B741DE01}.Debug|iPhone.ActiveCfg = Debug|Any CPU
		{AA4B8DE6-029D-49ED-BD36-5BA2B741DE01}.Debug|iPhone.Build.0 = Debug|Any CPU
		{AA4B8DE6-029D-49ED-BD36-5BA2B741DE01}.Debug|iPhoneSimulator.ActiveCfg = Debug|Any CPU
		{AA4B8DE6-029D-49ED-BD36-5BA2B741DE01}.Debug|iPhoneSimulator.Build.0 = Debug|Any CPU
		{AA4B8DE6-029D-49ED-BD36-5BA2B741DE01}.Release|Any CPU.ActiveCfg = Release|Any CPU
		{AA4B8DE6-029D-49ED-BD36-5BA2B741DE01}.Release|Any CPU.Build.0 = Release|Any CPU
		{AA4B8DE6-029D-49ED-BD36-5BA2B741DE01}.Release|iPhone.ActiveCfg = Release|Any CPU
		{AA4B8DE6-029D-49ED-BD36-5BA2B741DE01}.Release|iPhone.Build.0 = Release|Any CPU
		{AA4B8DE6-029D-49ED-BD36-5BA2B741DE01}.Release|iPhoneSimulator.ActiveCfg = Release|Any CPU
		{AA4B8DE6-029D-49ED-BD36-5BA2B741DE01}.Release|iPhoneSimulator.Build.0 = Release|Any CPU
		{237D4D72-2B9A-42E7-94B9-6CA1C62628C7}.Ad-Hoc|Any CPU.ActiveCfg = Debug|Any CPU
		{237D4D72-2B9A-42E7-94B9-6CA1C62628C7}.Ad-Hoc|Any CPU.Build.0 = Debug|Any CPU
		{237D4D72-2B9A-42E7-94B9-6CA1C62628C7}.Ad-Hoc|Any CPU.Deploy.0 = Debug|Any CPU
		{237D4D72-2B9A-42E7-94B9-6CA1C62628C7}.Ad-Hoc|iPhone.ActiveCfg = Debug|Any CPU
		{237D4D72-2B9A-42E7-94B9-6CA1C62628C7}.Ad-Hoc|iPhone.Build.0 = Debug|Any CPU
		{237D4D72-2B9A-42E7-94B9-6CA1C62628C7}.Ad-Hoc|iPhone.Deploy.0 = Debug|Any CPU
		{237D4D72-2B9A-42E7-94B9-6CA1C62628C7}.Ad-Hoc|iPhoneSimulator.ActiveCfg = Debug|Any CPU
		{237D4D72-2B9A-42E7-94B9-6CA1C62628C7}.Ad-Hoc|iPhoneSimulator.Build.0 = Debug|Any CPU
		{237D4D72-2B9A-42E7-94B9-6CA1C62628C7}.Ad-Hoc|iPhoneSimulator.Deploy.0 = Debug|Any CPU
		{237D4D72-2B9A-42E7-94B9-6CA1C62628C7}.AppStore|Any CPU.ActiveCfg = Debug|Any CPU
		{237D4D72-2B9A-42E7-94B9-6CA1C62628C7}.AppStore|Any CPU.Build.0 = Debug|Any CPU
		{237D4D72-2B9A-42E7-94B9-6CA1C62628C7}.AppStore|Any CPU.Deploy.0 = Debug|Any CPU
		{237D4D72-2B9A-42E7-94B9-6CA1C62628C7}.AppStore|iPhone.ActiveCfg = Debug|Any CPU
		{237D4D72-2B9A-42E7-94B9-6CA1C62628C7}.AppStore|iPhone.Build.0 = Debug|Any CPU
		{237D4D72-2B9A-42E7-94B9-6CA1C62628C7}.AppStore|iPhone.Deploy.0 = Debug|Any CPU
		{237D4D72-2B9A-42E7-94B9-6CA1C62628C7}.AppStore|iPhoneSimulator.ActiveCfg = Debug|Any CPU
		{237D4D72-2B9A-42E7-94B9-6CA1C62628C7}.AppStore|iPhoneSimulator.Build.0 = Debug|Any CPU
		{237D4D72-2B9A-42E7-94B9-6CA1C62628C7}.AppStore|iPhoneSimulator.Deploy.0 = Debug|Any CPU
		{237D4D72-2B9A-42E7-94B9-6CA1C62628C7}.Debug|Any CPU.ActiveCfg = Debug|Any CPU
		{237D4D72-2B9A-42E7-94B9-6CA1C62628C7}.Debug|Any CPU.Build.0 = Debug|Any CPU
		{237D4D72-2B9A-42E7-94B9-6CA1C62628C7}.Debug|Any CPU.Deploy.0 = Debug|Any CPU
		{237D4D72-2B9A-42E7-94B9-6CA1C62628C7}.Debug|iPhone.ActiveCfg = Debug|Any CPU
		{237D4D72-2B9A-42E7-94B9-6CA1C62628C7}.Debug|iPhone.Build.0 = Debug|Any CPU
		{237D4D72-2B9A-42E7-94B9-6CA1C62628C7}.Debug|iPhone.Deploy.0 = Debug|Any CPU
		{237D4D72-2B9A-42E7-94B9-6CA1C62628C7}.Debug|iPhoneSimulator.ActiveCfg = Debug|Any CPU
		{237D4D72-2B9A-42E7-94B9-6CA1C62628C7}.Debug|iPhoneSimulator.Build.0 = Debug|Any CPU
		{237D4D72-2B9A-42E7-94B9-6CA1C62628C7}.Debug|iPhoneSimulator.Deploy.0 = Debug|Any CPU
		{237D4D72-2B9A-42E7-94B9-6CA1C62628C7}.Release|Any CPU.ActiveCfg = Release|Any CPU
		{237D4D72-2B9A-42E7-94B9-6CA1C62628C7}.Release|Any CPU.Build.0 = Release|Any CPU
		{237D4D72-2B9A-42E7-94B9-6CA1C62628C7}.Release|Any CPU.Deploy.0 = Release|Any CPU
		{237D4D72-2B9A-42E7-94B9-6CA1C62628C7}.Release|iPhone.ActiveCfg = Release|Any CPU
		{237D4D72-2B9A-42E7-94B9-6CA1C62628C7}.Release|iPhone.Build.0 = Release|Any CPU
		{237D4D72-2B9A-42E7-94B9-6CA1C62628C7}.Release|iPhone.Deploy.0 = Release|Any CPU
		{237D4D72-2B9A-42E7-94B9-6CA1C62628C7}.Release|iPhoneSimulator.ActiveCfg = Release|Any CPU
		{237D4D72-2B9A-42E7-94B9-6CA1C62628C7}.Release|iPhoneSimulator.Build.0 = Release|Any CPU
		{237D4D72-2B9A-42E7-94B9-6CA1C62628C7}.Release|iPhoneSimulator.Deploy.0 = Release|Any CPU
		{2C48F78E-54DE-4AC7-9A0E-24BE0457F39C}.Ad-Hoc|Any CPU.ActiveCfg = Ad-Hoc|iPhoneSimulator
		{2C48F78E-54DE-4AC7-9A0E-24BE0457F39C}.Ad-Hoc|iPhone.ActiveCfg = Ad-Hoc|iPhone
		{2C48F78E-54DE-4AC7-9A0E-24BE0457F39C}.Ad-Hoc|iPhone.Build.0 = Ad-Hoc|iPhone
		{2C48F78E-54DE-4AC7-9A0E-24BE0457F39C}.Ad-Hoc|iPhoneSimulator.ActiveCfg = Ad-Hoc|iPhoneSimulator
		{2C48F78E-54DE-4AC7-9A0E-24BE0457F39C}.Ad-Hoc|iPhoneSimulator.Build.0 = Ad-Hoc|iPhoneSimulator
		{2C48F78E-54DE-4AC7-9A0E-24BE0457F39C}.AppStore|Any CPU.ActiveCfg = AppStore|iPhoneSimulator
		{2C48F78E-54DE-4AC7-9A0E-24BE0457F39C}.AppStore|iPhone.ActiveCfg = AppStore|iPhone
		{2C48F78E-54DE-4AC7-9A0E-24BE0457F39C}.AppStore|iPhone.Build.0 = AppStore|iPhone
		{2C48F78E-54DE-4AC7-9A0E-24BE0457F39C}.AppStore|iPhoneSimulator.ActiveCfg = AppStore|iPhoneSimulator
		{2C48F78E-54DE-4AC7-9A0E-24BE0457F39C}.AppStore|iPhoneSimulator.Build.0 = AppStore|iPhoneSimulator
		{2C48F78E-54DE-4AC7-9A0E-24BE0457F39C}.Debug|Any CPU.ActiveCfg = Debug|iPhoneSimulator
		{2C48F78E-54DE-4AC7-9A0E-24BE0457F39C}.Debug|iPhone.ActiveCfg = Debug|iPhone
		{2C48F78E-54DE-4AC7-9A0E-24BE0457F39C}.Debug|iPhone.Build.0 = Debug|iPhone
		{2C48F78E-54DE-4AC7-9A0E-24BE0457F39C}.Debug|iPhoneSimulator.ActiveCfg = Debug|iPhoneSimulator
		{2C48F78E-54DE-4AC7-9A0E-24BE0457F39C}.Debug|iPhoneSimulator.Build.0 = Debug|iPhoneSimulator
		{2C48F78E-54DE-4AC7-9A0E-24BE0457F39C}.Release|Any CPU.ActiveCfg = Release|iPhoneSimulator
		{2C48F78E-54DE-4AC7-9A0E-24BE0457F39C}.Release|Any CPU.Build.0 = Release|iPhoneSimulator
		{2C48F78E-54DE-4AC7-9A0E-24BE0457F39C}.Release|iPhone.ActiveCfg = Release|iPhone
		{2C48F78E-54DE-4AC7-9A0E-24BE0457F39C}.Release|iPhone.Build.0 = Release|iPhone
		{2C48F78E-54DE-4AC7-9A0E-24BE0457F39C}.Release|iPhoneSimulator.ActiveCfg = Release|iPhoneSimulator
		{2C48F78E-54DE-4AC7-9A0E-24BE0457F39C}.Release|iPhoneSimulator.Build.0 = Release|iPhoneSimulator
	EndGlobalSection
	GlobalSection(SolutionProperties) = preSolution
		HideSolutionNode = FALSE
	EndGlobalSection
	GlobalSection(ExtensibilityGlobals) = postSolution
		SolutionGuid = {12941ED8-0349-41EE-9A64-555BAD7CE5D2}
	EndGlobalSection
EndGlobal
